
Microsoft Visual Studio Solution File, Format Version 12.00
# Visual Studio Version 16
VisualStudioVersion = 16.0.29709.97
MinimumVisualStudioVersion = 10.0.40219.1
Project("{FAE04EC0-301F-11D3-BF4B-00C04F79EFBC}") = "Iterative_Statement", "Iterative_Statement.csproj", "{E818710F-23D3-42F0-AC2D-727EE737E9CF}"
EndProject
Global
	GlobalSection(SolutionConfigurationPlatforms) = preSolution
		Debug|Any CPU = Debug|Any CPU
		Release|Any CPU = Release|Any CPU
	EndGlobalSection
	GlobalSection(ProjectConfigurationPlatforms) = postSolution
		{E818710F-23D3-42F0-AC2D-727EE737E9CF}.Debug|Any CPU.ActiveCfg = Debug|Any CPU
		{E818710F-23D3-42F0-AC2D-727EE737E9CF}.Debug|Any CPU.Build.0 = Debug|Any CPU
		{E818710F-23D3-42F0-AC2D-727EE737E9CF}.Release|Any CPU.ActiveCfg = Release|Any CPU
		{E818710F-23D3-42F0-AC2D-727EE737E9CF}.Release|Any CPU.Build.0 = Release|Any CPU
	EndGlobalSection
	GlobalSection(SolutionProperties) = preSolution
		HideSolutionNode = FALSE
	EndGlobalSection
	GlobalSection(ExtensibilityGlobals) = postSolution
		SolutionGuid = {9424204F-10D8-4CDF-BCB6-A966118B76F9}
	EndGlobalSection
EndGlobal
